{
  "name": "webgl2workshop",
  "version": "1.0.0",
  "lockfileVersion": 1,
  "requires": true,
  "dependencies": {
    "@types/webgl2": {
      "version": "0.0.2",
      "resolved": "https://registry.npmjs.org/@types/webgl2/-/webgl2-0.0.2.tgz",
      "integrity": "sha512-Pazi0yyPGUHAKT470xLGQFCzFEU6PsGTFzOVA9FPeE1jEnDih7eI87Zer56Vh7Rw+4Y3V6iT9AFdAsmkBm3BrQ=="
    }
  }
}
